
Microsoft Visual Studio Solution File, Format Version 12.00
# Visual Studio Version 17
VisualStudioVersion = 17.5.33414.496
MinimumVisualStudioVersion = 10.0.40219.1
Project("{FAE04EC0-301F-11D3-BF4B-00C04F79EFBC}") = "RazorPagesMovie", "RazorPagesMovie\RazorPagesMovie.csproj", "{8F68DFBE-F633-4897-832C-839C67937308}"
EndProject
Project("{9A19103F-16F7-4668-BE54-9A1E7A4F7556}") = "CleanMovie.Domain", "CleanMovie.Domain\CleanMovie.Domain.csproj", "{16B98E63-6E55-4270-AF20-A24D66AEEDF1}"
EndProject
Project("{9A19103F-16F7-4668-BE54-9A1E7A4F7556}") = "RazorPagesMovie.Application", "RazorPagesMovie.Application\RazorPagesMovie.Application.csproj", "{548134AC-87A8-4283-BCBF-9FB4E0F8A253}"
EndProject
Project("{9A19103F-16F7-4668-BE54-9A1E7A4F7556}") = "RazorPagesMovie.Infrastructure", "RazorPagesMovie.Infrastructure\RazorPagesMovie.Infrastructure.csproj", "{3ED250C6-15EB-4C4C-9431-B069B2BCF81C}"
EndProject
Global
	GlobalSection(SolutionConfigurationPlatforms) = preSolution
		Debug|Any CPU = Debug|Any CPU
		Release|Any CPU = Release|Any CPU
	EndGlobalSection
	GlobalSection(ProjectConfigurationPlatforms) = postSolution
		{8F68DFBE-F633-4897-832C-839C67937308}.Debug|Any CPU.ActiveCfg = Debug|Any CPU
		{8F68DFBE-F633-4897-832C-839C67937308}.Debug|Any CPU.Build.0 = Debug|Any CPU
		{8F68DFBE-F633-4897-832C-839C67937308}.Release|Any CPU.ActiveCfg = Release|Any CPU
		{8F68DFBE-F633-4897-832C-839C67937308}.Release|Any CPU.Build.0 = Release|Any CPU
		{16B98E63-6E55-4270-AF20-A24D66AEEDF1}.Debug|Any CPU.ActiveCfg = Debug|Any CPU
		{16B98E63-6E55-4270-AF20-A24D66AEEDF1}.Debug|Any CPU.Build.0 = Debug|Any CPU
		{16B98E63-6E55-4270-AF20-A24D66AEEDF1}.Release|Any CPU.ActiveCfg = Release|Any CPU
		{16B98E63-6E55-4270-AF20-A24D66AEEDF1}.Release|Any CPU.Build.0 = Release|Any CPU
		{548134AC-87A8-4283-BCBF-9FB4E0F8A253}.Debug|Any CPU.ActiveCfg = Debug|Any CPU
		{548134AC-87A8-4283-BCBF-9FB4E0F8A253}.Debug|Any CPU.Build.0 = Debug|Any CPU
		{548134AC-87A8-4283-BCBF-9FB4E0F8A253}.Release|Any CPU.ActiveCfg = Release|Any CPU
		{548134AC-87A8-4283-BCBF-9FB4E0F8A253}.Release|Any CPU.Build.0 = Release|Any CPU
		{3ED250C6-15EB-4C4C-9431-B069B2BCF81C}.Debug|Any CPU.ActiveCfg = Debug|Any CPU
		{3ED250C6-15EB-4C4C-9431-B069B2BCF81C}.Debug|Any CPU.Build.0 = Debug|Any CPU
		{3ED250C6-15EB-4C4C-9431-B069B2BCF81C}.Release|Any CPU.ActiveCfg = Release|Any CPU
		{3ED250C6-15EB-4C4C-9431-B069B2BCF81C}.Release|Any CPU.Build.0 = Release|Any CPU
	EndGlobalSection
EndGlobal
